
Microsoft Visual Studio Solution File, Format Version 12.00
# Visual Studio Version 16
VisualStudioVersion = 16.0.29613.14
MinimumVisualStudioVersion = 10.0.40219.1
Project("{FAE04EC0-301F-11D3-BF4B-00C04F79EFBC}") = "12_13", "12_13.csproj", "{592B17BE-14F3-40B9-8266-E2B51DCA73E1}"
EndProject
Global
	GlobalSection(SolutionConfigurationPlatforms) = preSolution
		Debug|Any CPU = Debug|Any CPU
		Release|Any CPU = Release|Any CPU
	EndGlobalSection
	GlobalSection(ProjectConfigurationPlatforms) = postSolution
		{592B17BE-14F3-40B9-8266-E2B51DCA73E1}.Debug|Any CPU.ActiveCfg = Debug|Any CPU
		{592B17BE-14F3-40B9-8266-E2B51DCA73E1}.Debug|Any CPU.Build.0 = Debug|Any CPU
		{592B17BE-14F3-40B9-8266-E2B51DCA73E1}.Release|Any CPU.ActiveCfg = Release|Any CPU
		{592B17BE-14F3-40B9-8266-E2B51DCA73E1}.Release|Any CPU.Build.0 = Release|Any CPU
	EndGlobalSection
	GlobalSection(SolutionProperties) = preSolution
		HideSolutionNode = FALSE
	EndGlobalSection
	GlobalSection(ExtensibilityGlobals) = postSolution
		SolutionGuid = {34CDE925-F58B-4B3A-9C31-37371229174A}
	EndGlobalSection
EndGlobal
