
Microsoft Visual Studio Solution File, Format Version 12.00
# Visual Studio Version 16
VisualStudioVersion = 16.0.29613.14
MinimumVisualStudioVersion = 10.0.40219.1
Project("{FAE04EC0-301F-11D3-BF4B-00C04F79EFBC}") = "10_14", "10_14.csproj", "{89CAD864-FC82-45A7-97A4-E14F803099BC}"
EndProject
Global
	GlobalSection(SolutionConfigurationPlatforms) = preSolution
		Debug|Any CPU = Debug|Any CPU
		Release|Any CPU = Release|Any CPU
	EndGlobalSection
	GlobalSection(ProjectConfigurationPlatforms) = postSolution
		{89CAD864-FC82-45A7-97A4-E14F803099BC}.Debug|Any CPU.ActiveCfg = Debug|Any CPU
		{89CAD864-FC82-45A7-97A4-E14F803099BC}.Debug|Any CPU.Build.0 = Debug|Any CPU
		{89CAD864-FC82-45A7-97A4-E14F803099BC}.Release|Any CPU.ActiveCfg = Release|Any CPU
		{89CAD864-FC82-45A7-97A4-E14F803099BC}.Release|Any CPU.Build.0 = Release|Any CPU
	EndGlobalSection
	GlobalSection(SolutionProperties) = preSolution
		HideSolutionNode = FALSE
	EndGlobalSection
	GlobalSection(ExtensibilityGlobals) = postSolution
		SolutionGuid = {F7B3026A-9D74-412A-B9B2-9C4182A17CB1}
	EndGlobalSection
EndGlobal
